
Microsoft Visual Studio Solution File, Format Version 12.00
# Visual Studio Version 17
VisualStudioVersion = 17.4.33122.133
MinimumVisualStudioVersion = 10.0.40219.1
Project("{FAE04EC0-301F-11D3-BF4B-00C04F79EFBC}") = "RootService", "RootService\RootService.csproj", "{3A1519A2-90BC-4028-8CBB-4B0A390A9E01}"
EndProject
Project("{FAE04EC0-301F-11D3-BF4B-00C04F79EFBC}") = "SampleService", "SampleService\SampleService.csproj", "{93476F44-485E-4B3F-9BD6-F8DA75E16139}"
EndProject
Global
	GlobalSection(SolutionConfigurationPlatforms) = preSolution
		Debug|Any CPU = Debug|Any CPU
		Release|Any CPU = Release|Any CPU
	EndGlobalSection
	GlobalSection(ProjectConfigurationPlatforms) = postSolution
		{3A1519A2-90BC-4028-8CBB-4B0A390A9E01}.Debug|Any CPU.ActiveCfg = Debug|Any CPU
		{3A1519A2-90BC-4028-8CBB-4B0A390A9E01}.Debug|Any CPU.Build.0 = Debug|Any CPU
		{3A1519A2-90BC-4028-8CBB-4B0A390A9E01}.Release|Any CPU.ActiveCfg = Release|Any CPU
		{3A1519A2-90BC-4028-8CBB-4B0A390A9E01}.Release|Any CPU.Build.0 = Release|Any CPU
		{93476F44-485E-4B3F-9BD6-F8DA75E16139}.Debug|Any CPU.ActiveCfg = Debug|Any CPU
		{93476F44-485E-4B3F-9BD6-F8DA75E16139}.Debug|Any CPU.Build.0 = Debug|Any CPU
		{93476F44-485E-4B3F-9BD6-F8DA75E16139}.Release|Any CPU.ActiveCfg = Release|Any CPU
		{93476F44-485E-4B3F-9BD6-F8DA75E16139}.Release|Any CPU.Build.0 = Release|Any CPU
	EndGlobalSection
	GlobalSection(SolutionProperties) = preSolution
		HideSolutionNode = FALSE
	EndGlobalSection
	GlobalSection(ExtensibilityGlobals) = postSolution
		SolutionGuid = {1A2BDB69-843F-4FD4-A47F-C1C48DE433A3}
	EndGlobalSection
EndGlobal
